{
  "name": "senti-rpi",
  "version": "0.0.1",
  "lockfileVersion": 1,
  "requires": true,
  "dependencies": {
    "detect-rpi": {
      "version": "1.3.0",
      "resolved": "https://registry.npmjs.org/detect-rpi/-/detect-rpi-1.3.0.tgz",
      "integrity": "sha512-ASU7MUjfApF44MvFSvJxh1zwraLXgduCdcS2+bwmz2P75Cb0CxqXsFqPRh6zerMLQO+6SRA4ZSR9YdUZms3VxA=="
    },
    "rpi-version": {
      "version": "1.4.1",
      "resolved": "https://registry.npmjs.org/rpi-version/-/rpi-version-1.4.1.tgz",
      "integrity": "sha512-kgJ8ScSFheGXCxNJEHnBWdh50WeGZXreEJD8QO7iVRubMBM3X0xN93FfzcYjkTo8lGtT0x9DzJ6u1E6Bk/paUQ=="
    }
  }
}
